// !$*UTF8*$!
{
	archiveVersion = 1;
	classes = {
	};
	objectVersion = 46;
	objects = {

/* Begin PBXBuildFile section */
		95C4AE5918B8489500E5794C /* Foundation.framework in Frameworks */ = {isa = PBXBuildFile; fileRef = 95C4AE5818B8489500E5794C /* Foundation.framework */; };
		95C4AE5B18B8489500E5794C /* CoreGraphics.framework in Frameworks */ = {isa = PBXBuildFile; fileRef = 95C4AE5A18B8489500E5794C /* CoreGraphics.framework */; };
		95C4AE5D18B8489500E5794C /* UIKit.framework in Frameworks */ = {isa = PBXBuildFile; fileRef = 95C4AE5C18B8489500E5794C /* UIKit.framework */; };
		95C4AE6318B8489500E5794C /* InfoPlist.strings in Resources */ = {isa = PBXBuildFile; fileRef = 95C4AE6118B8489500E5794C /* InfoPlist.strings */; };
		95C4AE6518B8489500E5794C /* main.m in Sources */ = {isa = PBXBuildFile; fileRef = 95C4AE6418B8489500E5794C /* main.m */; };
		95C4AE6918B8489500E5794C /* LGAppDelegate.m in Sources */ = {isa = PBXBuildFile; fileRef = 95C4AE6818B8489500E5794C /* LGAppDelegate.m */; };
		95C4AE6C18B8489500E5794C /* Main.storyboard in Resources */ = {isa = PBXBuildFile; fileRef = 95C4AE6A18B8489500E5794C /* Main.storyboard */; };
		95C4AE6F18B8489500E5794C /* LGViewController.m in Sources */ = {isa = PBXBuildFile; fileRef = 95C4AE6E18B8489500E5794C /* LGViewController.m */; };
		95C4AE7118B8489500E5794C /* Images.xcassets in Resources */ = {isa = PBXBuildFile; fileRef = 95C4AE7018B8489500E5794C /* Images.xcassets */; };
		95C4AE7818B8489500E5794C /* XCTest.framework in Frameworks */ = {isa = PBXBuildFile; fileRef = 95C4AE7718B8489500E5794C /* XCTest.framework */; };
		95C4AE7918B8489500E5794C /* Foundation.framework in Frameworks */ = {isa = PBXBuildFile; fileRef = 95C4AE5818B8489500E5794C /* Foundation.framework */; };
		95C4AE7A18B8489500E5794C /* UIKit.framework in Frameworks */ = {isa = PBXBuildFile; fileRef = 95C4AE5C18B8489500E5794C /* UIKit.framework */; };
		95C4AE8218B8489500E5794C /* InfoPlist.strings in Resources */ = {isa = PBXBuildFile; fileRef = 95C4AE8018B8489500E5794C /* InfoPlist.strings */; };
		95C4AE8418B8489500E5794C /* GesticeTests.m in Sources */ = {isa = PBXBuildFile; fileRef = 95C4AE8318B8489500E5794C /* GesticeTests.m */; };
/* End PBXBuildFile section */

/* Begin PBXContainerItemProxy section */
		95C4AE7B18B8489500E5794C /* PBXContainerItemProxy */ = {
			isa = PBXContainerItemProxy;
			containerPortal = 95C4AE4D18B8489400E5794C /* Project object */;
			proxyType = 1;
			remoteGlobalIDString = 95C4AE5418B8489500E5794C;
			remoteInfo = Gestice;
		};
/* End PBXContainerItemProxy section */

/* Begin PBXFileReference section */
		95C4AE5518B8489500E5794C /* Gestice.app */ = {isa = PBXFileReference; explicitFileType = wrapper.application; includeInIndex = 0; path = Gestice.app; sourceTree = BUILT_PRODUCTS_DIR; };
		95C4AE5818B8489500E5794C /* Foundation.framework */ = {isa = PBXFileReference; lastKnownFileType = wrapper.framework; name = Foundation.framework; path = System/Library/Frameworks/Foundation.framework; sourceTree = SDKROOT; };
		95C4AE5A18B8489500E5794C /* CoreGraphics.framework */ = {isa = PBXFileReference; lastKnownFileType = wrapper.framework; name = CoreGraphics.framework; path = System/Library/Frameworks/CoreGraphics.framework; sourceTree = SDKROOT; };
		95C4AE5C18B8489500E5794C /* UIKit.framework */ = {isa = PBXFileReference; lastKnownFileType = wrapper.framework; name = UIKit.framework; path = System/Library/Frameworks/UIKit.framework; sourceTree = SDKROOT; };
		95C4AE6018B8489500E5794C /* Gestice-Info.plist */ = {isa = PBXFileReference; lastKnownFileType = text.plist.xml; path = "Gestice-Info.plist"; sourceTree = "<group>"; };
		95C4AE6218B8489500E5794C /* en */ = {isa = PBXFileReference; lastKnownFileType = text.plist.strings; name = en; path = en.lproj/InfoPlist.strings; sourceTree = "<group>"; };
		95C4AE6418B8489500E5794C /* main.m */ = {isa = PBXFileReference; lastKnownFileType = sourcecode.c.objc; path = main.m; sourceTree = "<group>"; };
		95C4AE6618B8489500E5794C /* Gestice-Prefix.pch */ = {isa = PBXFileReference; lastKnownFileType = sourcecode.c.h; path = "Gestice-Prefix.pch"; sourceTree = "<group>"; };
		95C4AE6718B8489500E5794C /* LGAppDelegate.h */ = {isa = PBXFileReference; lastKnownFileType = sourcecode.c.h; path = LGAppDelegate.h; sourceTree = "<group>"; };
		95C4AE6818B8489500E5794C /* LGAppDelegate.m */ = {isa = PBXFileReference; lastKnownFileType = sourcecode.c.objc; path = LGAppDelegate.m; sourceTree = "<group>"; };
		95C4AE6B18B8489500E5794C /* Base */ = {isa = PBXFileReference; lastKnownFileType = file.storyboard; name = Base; path = Base.lproj/Main.storyboard; sourceTree = "<group>"; };
		95C4AE6D18B8489500E5794C /* LGViewController.h */ = {isa = PBXFileReference; lastKnownFileType = sourcecode.c.h; path = LGViewController.h; sourceTree = "<group>"; };
		95C4AE6E18B8489500E5794C /* LGViewController.m */ = {isa = PBXFileReference; lastKnownFileType = sourcecode.c.objc; path = LGViewController.m; sourceTree = "<group>"; };
		95C4AE7018B8489500E5794C /* Images.xcassets */ = {isa = PBXFileReference; lastKnownFileType = folder.assetcatalog; path = Images.xcassets; sourceTree = "<group>"; };
		95C4AE7618B8489500E5794C /* GesticeTests.xctest */ = {isa = PBXFileReference; explicitFileType = wrapper.cfbundle; includeInIndex = 0; path = GesticeTests.xctest; sourceTree = BUILT_PRODUCTS_DIR; };
		95C4AE7718B8489500E5794C /* XCTest.framework */ = {isa = PBXFileReference; lastKnownFileType = wrapper.framework; name = XCTest.framework; path = Library/Frameworks/XCTest.framework; sourceTree = DEVELOPER_DIR; };
		95C4AE7F18B8489500E5794C /* GesticeTests-Info.plist */ = {isa = PBXFileReference; lastKnownFileType = text.plist.xml; path = "GesticeTests-Info.plist"; sourceTree = "<group>"; };
		95C4AE8118B8489500E5794C /* en */ = {isa = PBXFileReference; lastKnownFileType = text.plist.strings; name = en; path = en.lproj/InfoPlist.strings; sourceTree = "<group>"; };
		95C4AE8318B8489500E5794C /* GesticeTests.m */ = {isa = PBXFileReference; lastKnownFileType = sourcecode.c.objc; path = GesticeTests.m; sourceTree = "<group>"; };
/* End PBXFileReference section */

/* Begin PBXFrameworksBuildPhase section */
		95C4AE5218B8489500E5794C /* Frameworks */ = {
			isa = PBXFrameworksBuildPhase;
			buildActionMask = 2147483647;
			files = (
				95C4AE5B18B8489500E5794C /* CoreGraphics.framework in Frameworks */,
				95C4AE5D18B8489500E5794C /* UIKit.framework in Frameworks */,
				95C4AE5918B8489500E5794C /* Foundation.framework in Frameworks */,
			);
			runOnlyForDeploymentPostprocessing = 0;
		};
		95C4AE7318B8489500E5794C /* Frameworks */ = {
			isa = PBXFrameworksBuildPhase;
			buildActionMask = 2147483647;
			files = (
				95C4AE7818B8489500E5794C /* XCTest.framework in Frameworks */,
				95C4AE7A18B8489500E5794C /* UIKit.framework in Frameworks */,
				95C4AE7918B8489500E5794C /* Foundation.framework in Frameworks */,
			);
			runOnlyForDeploymentPostprocessing = 0;
		};
/* End PBXFrameworksBuildPhase section */

/* Begin PBXGroup section */
		95C4AE4C18B8489400E5794C = {
			isa = PBXGroup;
			children = (
				95C4AE5E18B8489500E5794C /* Gestice */,
				95C4AE7D18B8489500E5794C /* GesticeTests */,
				95C4AE5718B8489500E5794C /* Frameworks */,
				95C4AE5618B8489500E5794C /* Products */,
			);
			sourceTree = "<group>";
		};
		95C4AE5618B8489500E5794C /* Products */ = {
			isa = PBXGroup;
			children = (
				95C4AE5518B8489500E5794C /* Gestice.app */,
				95C4AE7618B8489500E5794C /* GesticeTests.xctest */,
			);
			name = Products;
			sourceTree = "<group>";
		};
		95C4AE5718B8489500E5794C /* Frameworks */ = {
			isa = PBXGroup;
			children = (
				95C4AE5818B8489500E5794C /* Foundation.framework */,
				95C4AE5A18B8489500E5794C /* CoreGraphics.framework */,
				95C4AE5C18B8489500E5794C /* UIKit.framework */,
				95C4AE7718B8489500E5794C /* XCTest.framework */,
			);
			name = Frameworks;
			sourceTree = "<group>";
		};
		95C4AE5E18B8489500E5794C /* Gestice */ = {
			isa = PBXGroup;
			children = (
				95C4AE6718B8489500E5794C /* LGAppDelegate.h */,
				95C4AE6818B8489500E5794C /* LGAppDelegate.m */,
				95C4AE6A18B8489500E5794C /* Main.storyboard */,
				95C4AE6D18B8489500E5794C /* LGViewController.h */,
				95C4AE6E18B8489500E5794C /* LGViewController.m */,
				95C4AE7018B8489500E5794C /* Images.xcassets */,
				95C4AE5F18B8489500E5794C /* Supporting Files */,
			);
			path = Gestice;
			sourceTree = "<group>";
		};
		95C4AE5F18B8489500E5794C /* Supporting Files */ = {
			isa = PBXGroup;
			children = (
				95C4AE6018B8489500E5794C /* Gestice-Info.plist */,
				95C4AE6118B8489500E5794C /* InfoPlist.strings */,
				95C4AE6418B8489500E5794C /* main.m */,
				95C4AE6618B8489500E5794C /* Gestice-Prefix.pch */,
			);
			name = "Supporting Files";
			sourceTree = "<group>";
		};
		95C4AE7D18B8489500E5794C /* GesticeTests */ = {
			isa = PBXGroup;
			children = (
				95C4AE8318B8489500E5794C /* GesticeTests.m */,
				95C4AE7E18B8489500E5794C /* Supporting Files */,
			);
			path = GesticeTests;
			sourceTree = "<group>";
		};
		95C4AE7E18B8489500E5794C /* Supporting Files */ = {
			isa = PBXGroup;
			children = (
				95C4AE7F18B8489500E5794C /* GesticeTests-Info.plist */,
				95C4AE8018B8489500E5794C /* InfoPlist.strings */,
			);
			name = "Supporting Files";
			sourceTree = "<group>";
		};
/* End PBXGroup section */

/* Begin PBXNativeTarget section */
		95C4AE5418B8489500E5794C /* Gestice */ = {
			isa = PBXNativeTarget;
			buildConfigurationList = 95C4AE8718B8489500E5794C /* Build configuration list for PBXNativeTarget "Gestice" */;
			buildPhases = (
				95C4AE5118B8489500E5794C /* Sources */,
				95C4AE5218B8489500E5794C /* Frameworks */,
				95C4AE5318B8489500E5794C /* Resources */,
			);
			buildRules = (
			);
			dependencies = (
			);
			name = Gestice;
			productName = Gestice;
			productReference = 95C4AE5518B8489500E5794C /* Gestice.app */;
			productType = "com.apple.product-type.application";
		};
		95C4AE7518B8489500E5794C /* GesticeTests */ = {
			isa = PBXNativeTarget;
			buildConfigurationList = 95C4AE8A18B8489500E5794C /* Build configuration list for PBXNativeTarget "GesticeTests" */;
			buildPhases = (
				95C4AE7218B8489500E5794C /* Sources */,
				95C4AE7318B8489500E5794C /* Frameworks */,
				95C4AE7418B8489500E5794C /* Resources */,
			);
			buildRules = (
			);
			dependencies = (
				95C4AE7C18B8489500E5794C /* PBXTargetDependency */,
			);
			name = GesticeTests;
			productName = GesticeTests;
			productReference = 95C4AE7618B8489500E5794C /* GesticeTests.xctest */;
			productType = "com.apple.product-type.bundle.unit-test";
		};
/* End PBXNativeTarget section */

/* Begin PBXProject section */
		95C4AE4D18B8489400E5794C /* Project object */ = {
			isa = PBXProject;
			attributes = {
				CLASSPREFIX = LG;
				LastUpgradeCheck = 0500;
				ORGANIZATIONNAME = "Leaf, Inc.";
				TargetAttributes = {
					95C4AE7518B8489500E5794C = {
						TestTargetID = 95C4AE5418B8489500E5794C;
					};
				};
			};
			buildConfigurationList = 95C4AE5018B8489400E5794C /* Build configuration list for PBXProject "Gestice" */;
			compatibilityVersion = "Xcode 3.2";
			developmentRegion = English;
			hasScannedForEncodings = 0;
			knownRegions = (
				en,
				Base,
			);
			mainGroup = 95C4AE4C18B8489400E5794C;
			productRefGroup = 95C4AE5618B8489500E5794C /* Products */;
			projectDirPath = "";
			projectRoot = "";
			targets = (
				95C4AE5418B8489500E5794C /* Gestice */,
				95C4AE7518B8489500E5794C /* GesticeTests */,
			);
		};
/* End PBXProject section */

/* Begin PBXResourcesBuildPhase section */
		95C4AE5318B8489500E5794C /* Resources */ = {
			isa = PBXResourcesBuildPhase;
			buildActionMask = 2147483647;
			files = (
				95C4AE7118B8489500E5794C /* Images.xcassets in Resources */,
				95C4AE6318B8489500E5794C /* InfoPlist.strings in Resources */,
				95C4AE6C18B8489500E5794C /* Main.storyboard in Resources */,
			);
			runOnlyForDeploymentPostprocessing = 0;
		};
		95C4AE7418B8489500E5794C /* Resources */ = {
			isa = PBXResourcesBuildPhase;
			buildActionMask = 2147483647;
			files = (
				95C4AE8218B8489500E5794C /* InfoPlist.strings in Resources */,
			);
			runOnlyForDeploymentPostprocessing = 0;
		};
/* End PBXResourcesBuildPhase section */

/* Begin PBXSourcesBuildPhase section */
		95C4AE5118B8489500E5794C /* Sources */ = {
			isa = PBXSourcesBuildPhase;
			buildActionMask = 2147483647;
			files = (
				95C4AE6518B8489500E5794C /* main.m in Sources */,
				95C4AE6918B8489500E5794C /* LGAppDelegate.m in Sources */,
				95C4AE6F18B8489500E5794C /* LGViewController.m in Sources */,
			);
			runOnlyForDeploymentPostprocessing = 0;
		};
		95C4AE7218B8489500E5794C /* Sources */ = {
			isa = PBXSourcesBuildPhase;
			buildActionMask = 2147483647;
			files = (
				95C4AE8418B8489500E5794C /* GesticeTests.m in Sources */,
			);
			runOnlyForDeploymentPostprocessing = 0;
		};
/* End PBXSourcesBuildPhase section */

/* Begin PBXTargetDependency section */
		95C4AE7C18B8489500E5794C /* PBXTargetDependency */ = {
			isa = PBXTargetDependency;
			target = 95C4AE5418B8489500E5794C /* Gestice */;
			targetProxy = 95C4AE7B18B8489500E5794C /* PBXContainerItemProxy */;
		};
/* End PBXTargetDependency section */

/* Begin PBXVariantGroup section */
		95C4AE6118B8489500E5794C /* InfoPlist.strings */ = {
			isa = PBXVariantGroup;
			children = (
				95C4AE6218B8489500E5794C /* en */,
			);
			name = InfoPlist.strings;
			sourceTree = "<group>";
		};
		95C4AE6A18B8489500E5794C /* Main.storyboard */ = {
			isa = PBXVariantGroup;
			children = (
				95C4AE6B18B8489500E5794C /* Base */,
			);
			name = Main.storyboard;
			sourceTree = "<group>";
		};
		95C4AE8018B8489500E5794C /* InfoPlist.strings */ = {
			isa = PBXVariantGroup;
			children = (
				95C4AE8118B8489500E5794C /* en */,
			);
			name = InfoPlist.strings;
			sourceTree = "<group>";
		};
/* End PBXVariantGroup section */

/* Begin XCBuildConfiguration section */
		95C4AE8518B8489500E5794C /* Debug */ = {
			isa = XCBuildConfiguration;
			buildSettings = {
				ALWAYS_SEARCH_USER_PATHS = NO;
				ARCHS = "$(ARCHS_STANDARD_INCLUDING_64_BIT)";
				CLANG_CXX_LANGUAGE_STANDARD = "gnu++0x";
				CLANG_CXX_LIBRARY = "libc++";
				CLANG_ENABLE_MODULES = YES;
				CLANG_ENABLE_OBJC_ARC = YES;
				CLANG_WARN_BOOL_CONVERSION = YES;
				CLANG_WARN_CONSTANT_CONVERSION = YES;
				CLANG_WARN_DIRECT_OBJC_ISA_USAGE = YES_ERROR;
				CLANG_WARN_EMPTY_BODY = YES;
				CLANG_WARN_ENUM_CONVERSION = YES;
				CLANG_WARN_INT_CONVERSION = YES;
				CLANG_WARN_OBJC_ROOT_CLASS = YES_ERROR;
				CLANG_WARN__DUPLICATE_METHOD_MATCH = YES;
				"CODE_SIGN_IDENTITY[sdk=iphoneos*]" = "iPhone Developer";
				COPY_PHASE_STRIP = NO;
				GCC_C_LANGUAGE_STANDARD = gnu99;
				GCC_DYNAMIC_NO_PIC = NO;
				GCC_OPTIMIZATION_LEVEL = 0;
				GCC_PREPROCESSOR_DEFINITIONS = (
					"DEBUG=1",
					"$(inherited)",
				);
				GCC_SYMBOLS_PRIVATE_EXTERN = NO;
				GCC_WARN_64_TO_32_BIT_CONVERSION = YES;
				GCC_WARN_ABOUT_RETURN_TYPE = YES_ERROR;
				GCC_WARN_UNDECLARED_SELECTOR = YES;
				GCC_WARN_UNINITIALIZED_AUTOS = YES;
				GCC_WARN_UNUSED_FUNCTION = YES;
				GCC_WARN_UNUSED_VARIABLE = YES;
				IPHONEOS_DEPLOYMENT_TARGET = 7.0;
				ONLY_ACTIVE_ARCH = YES;
				SDKROOT = iphoneos;
			};
			name = Debug;
		};
		95C4AE8618B8489500E5794C /* Release */ = {
			isa = XCBuildConfiguration;
			buildSettings = {
				ALWAYS_SEARCH_USER_PATHS = NO;
				ARCHS = "$(ARCHS_STANDARD_INCLUDING_64_BIT)";
				CLANG_CXX_LANGUAGE_STANDARD = "gnu++0x";
				CLANG_CXX_LIBRARY = "libc++";
				CLANG_ENABLE_MODULES = YES;
				CLANG_ENABLE_OBJC_ARC = YES;
				CLANG_WARN_BOOL_CONVERSION = YES;
				CLANG_WARN_CONSTANT_CONVERSION = YES;
				CLANG_WARN_DIRECT_OBJC_ISA_USAGE = YES_ERROR;
				CLANG_WARN_EMPTY_BODY = YES;
				CLANG_WARN_ENUM_CONVERSION = YES;
				CLANG_WARN_INT_CONVERSION = YES;
				CLANG_WARN_OBJC_ROOT_CLASS = YES_ERROR;
				CLANG_WARN__DUPLICATE_METHOD_MATCH = YES;
				"CODE_SIGN_IDENTITY[sdk=iphoneos*]" = "iPhone Developer";
				COPY_PHASE_STRIP = YES;
				ENABLE_NS_ASSERTIONS = NO;
				GCC_C_LANGUAGE_STANDARD = gnu99;
				GCC_WARN_64_TO_32_BIT_CONVERSION = YES;
				GCC_WARN_ABOUT_RETURN_TYPE = YES_ERROR;
				GCC_WARN_UNDECLARED_SELECTOR = YES;
				GCC_WARN_UNINITIALIZED_AUTOS = YES;
				GCC_WARN_UNUSED_FUNCTION = YES;
				GCC_WARN_UNUSED_VARIABLE = YES;
				IPHONEOS_DEPLOYMENT_TARGET = 7.0;
				SDKROOT = iphoneos;
				VALIDATE_PRODUCT = YES;
			};
			name = Release;
		};
		95C4AE8818B8489500E5794C /* Debug */ = {
			isa = XCBuildConfiguration;
			buildSettings = {
				ASSETCATALOG_COMPILER_APPICON_NAME = AppIcon;
				ASSETCATALOG_COMPILER_LAUNCHIMAGE_NAME = LaunchImage;
				GCC_PRECOMPILE_PREFIX_HEADER = YES;
				GCC_PREFIX_HEADER = "Gestice/Gestice-Prefix.pch";
				INFOPLIST_FILE = "Gestice/Gestice-Info.plist";
				PRODUCT_NAME = "$(TARGET_NAME)";
				WRAPPER_EXTENSION = app;
			};
			name = Debug;
		};
		95C4AE8918B8489500E5794C /* Release */ = {
			isa = XCBuildConfiguration;
			buildSettings = {
				ASSETCATALOG_COMPILER_APPICON_NAME = AppIcon;
				ASSETCATALOG_COMPILER_LAUNCHIMAGE_NAME = LaunchImage;
				GCC_PRECOMPILE_PREFIX_HEADER = YES;
				GCC_PREFIX_HEADER = "Gestice/Gestice-Prefix.pch";
				INFOPLIST_FILE = "Gestice/Gestice-Info.plist";
				PRODUCT_NAME = "$(TARGET_NAME)";
				WRAPPER_EXTENSION = app;
			};
			name = Release;
		};
		95C4AE8B18B8489500E5794C /* Debug */ = {
			isa = XCBuildConfiguration;
			buildSettings = {
				ARCHS = "$(ARCHS_STANDARD_INCLUDING_64_BIT)";
				BUNDLE_LOADER = "$(BUILT_PRODUCTS_DIR)/Gestice.app/Gestice";
				FRAMEWORK_SEARCH_PATHS = (
					"$(SDKROOT)/Developer/Library/Frameworks",
					"$(inherited)",
					"$(DEVELOPER_FRAMEWORKS_DIR)",
				);
				GCC_PRECOMPILE_PREFIX_HEADER = YES;
				GCC_PREFIX_HEADER = "Gestice/Gestice-Prefix.pch";
				GCC_PREPROCESSOR_DEFINITIONS = (
					"DEBUG=1",
					"$(inherited)",
				);
				INFOPLIST_FILE = "GesticeTests/GesticeTests-Info.plist";
				PRODUCT_NAME = "$(TARGET_NAME)";
				TEST_HOST = "$(BUNDLE_LOADER)";
				WRAPPER_EXTENSION = xctest;
			};
			name = Debug;
		};
		95C4AE8C18B8489500E5794C /* Release */ = {
			isa = XCBuildConfiguration;
			buildSettings = {
				ARCHS = "$(ARCHS_STANDARD_INCLUDING_64_BIT)";
				BUNDLE_LOADER = "$(BUILT_PRODUCTS_DIR)/Gestice.app/Gestice";
				FRAMEWORK_SEARCH_PATHS = (
					"$(SDKROOT)/Developer/Library/Frameworks",
					"$(inherited)",
					"$(DEVELOPER_FRAMEWORKS_DIR)",
				);
				GCC_PRECOMPILE_PREFIX_HEADER = YES;
				GCC_PREFIX_HEADER = "Gestice/Gestice-Prefix.pch";
				INFOPLIST_FILE = "GesticeTests/GesticeTests-Info.plist";
				PRODUCT_NAME = "$(TARGET_NAME)";
				TEST_HOST = "$(BUNDLE_LOADER)";
				WRAPPER_EXTENSION = xctest;
			};
			name = Release;
		};
/* End XCBuildConfiguration section */

/* Begin XCConfigurationList section */
		95C4AE5018B8489400E5794C /* Build configuration list for PBXProject "Gestice" */ = {
			isa = XCConfigurationList;
			buildConfigurations = (
				95C4AE8518B8489500E5794C /* Debug */,
				95C4AE8618B8489500E5794C /* Release */,
			);
			defaultConfigurationIsVisible = 0;
			defaultConfigurationName = Release;
		};
		95C4AE8718B8489500E5794C /* Build configuration list for PBXNativeTarget "Gestice" */ = {
			isa = XCConfigurationList;
			buildConfigurations = (
				95C4AE8818B8489500E5794C /* Debug */,
				95C4AE8918B8489500E5794C /* Release */,
			);
			defaultConfigurationIsVisible = 0;
		};
		95C4AE8A18B8489500E5794C /* Build configuration list for PBXNativeTarget "GesticeTests" */ = {
			isa = XCConfigurationList;
			buildConfigurations = (
				95C4AE8B18B8489500E5794C /* Debug */,
				95C4AE8C18B8489500E5794C /* Release */,
			);
			defaultConfigurationIsVisible = 0;
		};
/* End XCConfigurationList section */
	};
	rootObject = 95C4AE4D18B8489400E5794C /* Project object */;
}
